<?xml version="1.0" encoding="utf-8"?>
<Project ToolsVersion="4.0" xmlns="http://schemas.microsoft.com/developer/msbuild/2003">
  <ItemGroup>
    <Filter Include="Source Files">
      <UniqueIdentifier>{4FC737F1-C7A5-4376-A066-2A32D752A2FF}</UniqueIdentifier>
      <Extensions>cpp;c;cc;cxx;def;odl;idl;hpj;bat;asm;asmx</Extensions>
    </Filter>
    <Filter Include="Header Files">
      <UniqueIdentifier>{93995380-89BD-4b04-88EB-625FBE52EBFB}</UniqueIdentifier>
      <Extensions>h;hh;hpp;hxx;hm;inl;inc;xsd</Extensions>
    </Filter>
    <Filter Include="Header Files\Widgets">
      <UniqueIdentifier>{9f2b05a0-5408-412a-b1b6-5a05b7425f60}</UniqueIdentifier>
    </Filter>
    <Filter Include="Source Files\Widgets">
      <UniqueIdentifier>{342dcf4e-7b3b-4b77-9594-0c63aef67626}</UniqueIdentifier>
    </Filter>
    <Filter Include="Notes">
      <UniqueIdentifier>{84d044b7-72e5-48bb-b810-e8e7381582f4}</UniqueIdentifier>
    </Filter>
    <Filter Include="Header Files\Core">
      <UniqueIdentifier>{90fc6021-9217-43fd-981b-3448b8390a0b}</UniqueIdentifier>
    </Filter>
    <Filter Include="Header Files\Forms">
      <UniqueIdentifier>{4b26bbbd-239e-47c3-9fde-cd940039a984}</UniqueIdentifier>
    </Filter>
    <Filter Include="Source Files\Core">
      <UniqueIdentifier>{a99267ba-7703-4f8d-add7-f1538019d0f7}</UniqueIdentifier>
    </Filter>
    <Filter Include="Source Files\Forms">
      <UniqueIdentifier>{6cb9cd71-dba5-4b44-bb46-c9be8746ae93}</UniqueIdentifier>
    </Filter>
    <Filter Include="Header Files\Packet">
      <UniqueIdentifier>{51b43ca9-165e-43eb-a70c-0939837c2a0b}</UniqueIdentifier>
    </Filter>
    <Filter Include="Source Files\Packet">
      <UniqueIdentifier>{4d3aa050-a0f4-416b-896d-0d086c3baeeb}</UniqueIdentifier>
    </Filter>
    <Filter Include="Header Files\Packet\NPC">
      <UniqueIdentifier>{7a71edae-101e-45ea-ac2f-c4ec909e3b7a}</UniqueIdentifier>
    </Filter>
    <Filter Include="Source Files\Packet\NPC">
      <UniqueIdentifier>{c3353efa-8451-4c41-abb7-70eb6bb7ba50}</UniqueIdentifier>
    </Filter>
    <Filter Include="Source Files\Packet\Login">
      <UniqueIdentifier>{c3856666-649e-48fa-881f-9a19c2882dec}</UniqueIdentifier>
    </Filter>
    <Filter Include="Header Files\Packet\Login">
      <UniqueIdentifier>{2c938960-9d34-466f-a020-171ec3aa962c}</UniqueIdentifier>
    </Filter>
    <Filter Include="Header Files\Core\Files">
      <UniqueIdentifier>{fe3362c6-2878-4f62-988e-f685c5f0ce99}</UniqueIdentifier>
    </Filter>
    <Filter Include="Source Files\Core\Files">
      <UniqueIdentifier>{31b6fe3f-73b2-40e4-bfae-f65e9418f56e}</UniqueIdentifier>
    </Filter>
    <Filter Include="Header Files\Packet\Battle">
      <UniqueIdentifier>{7eeb7232-40c6-47dc-8fbe-39b76d9913ee}</UniqueIdentifier>
    </Filter>
    <Filter Include="Source Files\Packet\Battle">
      <UniqueIdentifier>{722332ec-7f12-46fe-acf9-ac63458ef74d}</UniqueIdentifier>
    </Filter>
    <Filter Include="Resources">
      <UniqueIdentifier>{607c9e76-aadd-4d6a-8936-3d4cca18b416}</UniqueIdentifier>
    </Filter>
    <Filter Include="Source Files\Packet\User">
      <UniqueIdentifier>{c2b0035a-a660-423d-b78b-e28412bb8b9a}</UniqueIdentifier>
    </Filter>
    <Filter Include="Header Files\Packet\User">
      <UniqueIdentifier>{9c0210bd-f5b1-429a-b314-4bbce56b24b1}</UniqueIdentifier>
    </Filter>
    <Filter Include="JSON">
      <UniqueIdentifier>{3439b48b-7024-4147-b102-10cee52ada13}</UniqueIdentifier>
    </Filter>
    <Filter Include="Header Files\Packet\Pet">
      <UniqueIdentifier>{6d04093e-06c0-4ae0-8298-68c635a51d83}</UniqueIdentifier>
    </Filter>
    <Filter Include="Source Files\Packet\Pet">
      <UniqueIdentifier>{f7ae32d7-9712-4042-806c-03e2dc3464d7}</UniqueIdentifier>
    </Filter>
    <Filter Include="Header Files\Core\Game Objects">
      <UniqueIdentifier>{ceb4396d-a2c4-4874-a61a-87c0857c47e9}</UniqueIdentifier>
    </Filter>
    <Filter Include="Source Files\Core\Game Objects">
      <UniqueIdentifier>{b8d7d54e-2753-4b92-accd-0c8c78a545b9}</UniqueIdentifier>
    </Filter>
    <Filter Include="Source Files\Core\Battle">
      <UniqueIdentifier>{094ec065-dd48-4061-8c21-d82582921eaa}</UniqueIdentifier>
    </Filter>
    <Filter Include="Header Files\Core\Battle">
      <UniqueIdentifier>{fb63ac97-ad34-40f1-9245-2817b6881817}</UniqueIdentifier>
    </Filter>
  </ItemGroup>
  <ItemGroup>
    <ClCompile Include="src\Define.cpp">
      <Filter>Source Files</Filter>
    </ClCompile>
    <ClCompile Include="src\Global.cpp">
      <Filter>Source Files</Filter>
    </ClCompile>
    <ClCompile Include="src\Main.cpp">
      <Filter>Source Files</Filter>
    </ClCompile>
    <ClCompile Include="src\stdafx.cpp">
      <Filter>Source Files</Filter>
    </ClCompile>
    <ClCompile Include="src\CustomEvents.cpp">
      <Filter>Source Files</Filter>
    </ClCompile>
    <ClCompile Include="src\Widgets\Button.cpp">
      <Filter>Source Files\Widgets</Filter>
    </ClCompile>
    <ClCompile Include="src\Widgets\CheckBox.cpp">
      <Filter>Source Files\Widgets</Filter>
    </ClCompile>
    <ClCompile Include="src\Widgets\Dropdown.cpp">
      <Filter>Source Files\Widgets</Filter>
    </ClCompile>
    <ClCompile Include="src\Widgets\Field.cpp">
      <Filter>Source Files\Widgets</Filter>
    </ClCompile>
    <ClCompile Include="src\Widgets\Gauge.cpp">
      <Filter>Source Files\Widgets</Filter>
    </ClCompile>
    <ClCompile Include="src\Widgets\ImageBox.cpp">
      <Filter>Source Files\Widgets</Filter>
    </ClCompile>
    <ClCompile Include="src\Widgets\Label.cpp">
      <Filter>Source Files\Widgets</Filter>
    </ClCompile>
    <ClCompile Include="src\Widgets\ListBox.cpp">
      <Filter>Source Files\Widgets</Filter>
    </ClCompile>
    <ClCompile Include="src\Widgets\MainUI.cpp">
      <Filter>Source Files\Widgets</Filter>
    </ClCompile>
    <ClCompile Include="src\Widgets\PlayerInfoFrame.cpp">
      <Filter>Source Files\Widgets</Filter>
    </ClCompile>
    <ClCompile Include="src\Widgets\TabControl.cpp">
      <Filter>Source Files\Widgets</Filter>
    </ClCompile>
    <ClCompile Include="src\Widgets\VideoFrame.cpp">
      <Filter>Source Files\Widgets</Filter>
    </ClCompile>
    <ClCompile Include="src\Widgets\Widget.cpp">
      <Filter>Source Files\Widgets</Filter>
    </ClCompile>
    <ClCompile Include="src\Widgets\Panel.cpp">
      <Filter>Source Files\Widgets</Filter>
    </ClCompile>
    <ClCompile Include="src\Packet\Packet.cpp">
      <Filter>Source Files\Packet</Filter>
    </ClCompile>
    <ClCompile Include="src\Packet\pColor.cpp">
      <Filter>Source Files\Packet</Filter>
    </ClCompile>
    <ClCompile Include="src\Packet\pColosseum.cpp">
      <Filter>Source Files\Packet</Filter>
    </ClCompile>
    <ClCompile Include="src\Packet\pFriend.cpp">
      <Filter>Source Files\Packet</Filter>
    </ClCompile>
    <ClCompile Include="src\Packet\pItem.cpp">
      <Filter>Source Files\Packet</Filter>
    </ClCompile>
    <ClCompile Include="src\Packet\pItemAction.cpp">
      <Filter>Source Files\Packet</Filter>
    </ClCompile>
    <ClCompile Include="src\Packet\pMapInfo.cpp">
      <Filter>Source Files\Packet</Filter>
    </ClCompile>
    <ClCompile Include="src\Packet\pMessage.cpp">
      <Filter>Source Files\Packet</Filter>
    </ClCompile>
    <ClCompile Include="src\Packet\pRename.cpp">
      <Filter>Source Files\Packet</Filter>
    </ClCompile>
    <ClCompile Include="src\Packet\pTeam.cpp">
      <Filter>Source Files\Packet</Filter>
    </ClCompile>
    <ClCompile Include="src\Packet\pTeamMember.cpp">
      <Filter>Source Files\Packet</Filter>
    </ClCompile>
    <ClCompile Include="src\Packet\pTick.cpp">
      <Filter>Source Files\Packet</Filter>
    </ClCompile>
    <ClCompile Include="src\Packet\pUserAttribute.cpp">
      <Filter>Source Files\Packet</Filter>
    </ClCompile>
    <ClCompile Include="src\Packet\pWuxing.cpp">
      <Filter>Source Files\Packet</Filter>
    </ClCompile>
    <ClCompile Include="src\Packet\nNpcDialogue.cpp">
      <Filter>Source Files\Packet\NPC</Filter>
    </ClCompile>
    <ClCompile Include="src\Packet\pNpcInfo.cpp">
      <Filter>Source Files\Packet\NPC</Filter>
    </ClCompile>
    <ClCompile Include="src\Packet\pNpc.cpp">
      <Filter>Source Files\Packet\NPC</Filter>
    </ClCompile>
    <ClCompile Include="src\Packet\pNpcAction.cpp">
      <Filter>Source Files\Packet\NPC</Filter>
    </ClCompile>
    <ClCompile Include="src\Packet\pAction.cpp">
      <Filter>Source Files\Packet\User</Filter>
    </ClCompile>
    <ClCompile Include="src\Packet\pDirection.cpp">
      <Filter>Source Files\Packet\User</Filter>
    </ClCompile>
    <ClCompile Include="src\Packet\pEmotion.cpp">
      <Filter>Source Files\Packet\User</Filter>
    </ClCompile>
    <ClCompile Include="src\Packet\pPlayerInfo.cpp">
      <Filter>Source Files\Packet\User</Filter>
    </ClCompile>
    <ClCompile Include="src\Packet\pUserInfo.cpp">
      <Filter>Source Files\Packet\User</Filter>
    </ClCompile>
    <ClCompile Include="src\Packet\pUserLevelUp.cpp">
      <Filter>Source Files\Packet\User</Filter>
    </ClCompile>
    <ClCompile Include="src\Packet\pUserPoint.cpp">
      <Filter>Source Files\Packet\User</Filter>
    </ClCompile>
    <ClCompile Include="src\Packet\pWalk.cpp">
      <Filter>Source Files\Packet\User</Filter>
    </ClCompile>
    <ClCompile Include="src\Packet\pPetAction.cpp">
      <Filter>Source Files\Packet\Pet</Filter>
    </ClCompile>
    <ClCompile Include="src\Packet\pPetInfo.cpp">
      <Filter>Source Files\Packet\Pet</Filter>
    </ClCompile>
    <ClCompile Include="src\Packet\pPetLevelUp.cpp">
      <Filter>Source Files\Packet\Pet</Filter>
    </ClCompile>
    <ClCompile Include="src\Packet\pPetMagic.cpp">
      <Filter>Source Files\Packet\Pet</Filter>
    </ClCompile>
    <ClCompile Include="src\Packet\pPetShop.cpp">
      <Filter>Source Files\Packet\Pet</Filter>
    </ClCompile>
    <ClCompile Include="src\Packet\pGSConnect.cpp">
      <Filter>Source Files\Packet\Login</Filter>
    </ClCompile>
    <ClCompile Include="src\Packet\pLoginResponse.cpp">
      <Filter>Source Files\Packet\Login</Filter>
    </ClCompile>
    <ClCompile Include="src\Packet\pLoginRequest.cpp">
      <Filter>Source Files\Packet\Login</Filter>
    </ClCompile>
    <ClCompile Include="src\Packet\pRole.cpp">
      <Filter>Source Files\Packet\Login</Filter>
    </ClCompile>
    <ClCompile Include="src\Packet\pBattleState.cpp">
      <Filter>Source Files\Packet\Battle</Filter>
    </ClCompile>
    <ClCompile Include="src\Packet\pBattleAction.cpp">
      <Filter>Source Files\Packet\Battle</Filter>
    </ClCompile>
    <ClCompile Include="src\Packet\pBattleResult.cpp">
      <Filter>Source Files\Packet\Battle</Filter>
    </ClCompile>
    <ClCompile Include="src\Packet\pBattleRound.cpp">
      <Filter>Source Files\Packet\Battle</Filter>
    </ClCompile>
    <ClCompile Include="src\Packet\pEnemyInfo.cpp">
      <Filter>Source Files\Packet\Battle</Filter>
    </ClCompile>
    <ClCompile Include="src\Packet\pFighterInfo.cpp">
      <Filter>Source Files\Packet\Battle</Filter>
    </ClCompile>
    <ClCompile Include="src\Packet\pItemAct.cpp">
      <Filter>Source Files\Packet\Battle</Filter>
    </ClCompile>
    <ClCompile Include="src\Packet\pNormalAct.cpp">
      <Filter>Source Files\Packet\Battle</Filter>
    </ClCompile>
    <ClCompile Include="src\Forms\BattleConfigForm.cpp">
      <Filter>Source Files\Forms</Filter>
    </ClCompile>
    <ClCompile Include="src\Forms\CharacterForm.cpp">
      <Filter>Source Files\Forms</Filter>
    </ClCompile>
    <ClCompile Include="src\Forms\CharCreateForm.cpp">
      <Filter>Source Files\Forms</Filter>
    </ClCompile>
    <ClCompile Include="src\Forms\EvolveForm.cpp">
      <Filter>Source Files\Forms</Filter>
    </ClCompile>
    <ClCompile Include="src\Forms\InventoryForm.cpp">
      <Filter>Source Files\Forms</Filter>
    </ClCompile>
    <ClCompile Include="src\Forms\LoginForm.cpp">
      <Filter>Source Files\Forms</Filter>
    </ClCompile>
    <ClCompile Include="src\Forms\LogoutForm.cpp">
      <Filter>Source Files\Forms</Filter>
    </ClCompile>
    <ClCompile Include="src\Forms\MainWindow.cpp">
      <Filter>Source Files\Forms</Filter>
    </ClCompile>
    <ClCompile Include="src\Forms\MessageForm.cpp">
      <Filter>Source Files\Forms</Filter>
    </ClCompile>
    <ClCompile Include="src\Forms\PetComposeForm.cpp">
      <Filter>Source Files\Forms</Filter>
    </ClCompile>
    <ClCompile Include="src\Forms\PetEquipForm.cpp">
      <Filter>Source Files\Forms</Filter>
    </ClCompile>
    <ClCompile Include="src\Forms\PetListForm.cpp">
      <Filter>Source Files\Forms</Filter>
    </ClCompile>
    <ClCompile Include="src\Forms\PromptForm.cpp">
      <Filter>Source Files\Forms</Filter>
    </ClCompile>
    <ClCompile Include="src\Forms\RefineItemForm.cpp">
      <Filter>Source Files\Forms</Filter>
    </ClCompile>
    <ClCompile Include="src\Forms\ShopForm.cpp">
      <Filter>Source Files\Forms</Filter>
    </ClCompile>
    <ClCompile Include="src\Forms\TestForm.cpp">
      <Filter>Source Files\Forms</Filter>
    </ClCompile>
    <ClCompile Include="src\Forms\Window.cpp">
      <Filter>Source Files\Forms</Filter>
    </ClCompile>
    <ClCompile Include="src\Forms\WuxingForm.cpp">
      <Filter>Source Files\Forms</Filter>
    </ClCompile>
    <ClCompile Include="src\Core\Battle\BattleAI.cpp">
      <Filter>Source Files\Core\Battle</Filter>
    </ClCompile>
    <ClCompile Include="src\Core\Battle\BattleArray.cpp">
      <Filter>Source Files\Core\Battle</Filter>
    </ClCompile>
    <ClCompile Include="src\Core\Battle\BattleResult.cpp">
      <Filter>Source Files\Core\Battle</Filter>
    </ClCompile>
    <ClCompile Include="src\Core\Battle\BattleScene.cpp">
      <Filter>Source Files\Core\Battle</Filter>
    </ClCompile>
    <ClCompile Include="src\Core\Battle\Battle.cpp">
      <Filter>Source Files\Core\Battle</Filter>
    </ClCompile>
    <ClCompile Include="src\Core\Files\INI.cpp">
      <Filter>Source Files\Core\Files</Filter>
    </ClCompile>
    <ClCompile Include="src\Core\Files\ItemDataFile.cpp">
      <Filter>Source Files\Core\Files</Filter>
    </ClCompile>
    <ClCompile Include="src\Core\Files\MapFile.cpp">
      <Filter>Source Files\Core\Files</Filter>
    </ClCompile>
    <ClCompile Include="src\Core\Files\RLE.cpp">
      <Filter>Source Files\Core\Files</Filter>
    </ClCompile>
    <ClCompile Include="src\Core\Files\ShopDataFile.cpp">
      <Filter>Source Files\Core\Files</Filter>
    </ClCompile>
    <ClCompile Include="src\Core\Files\TGA.cpp">
      <Filter>Source Files\Core\Files</Filter>
    </ClCompile>
    <ClCompile Include="src\Core\Files\WDF.cpp">
      <Filter>Source Files\Core\Files</Filter>
    </ClCompile>
    <ClCompile Include="src\Core\GameObjects\GameObj.cpp">
      <Filter>Source Files\Core\Game Objects</Filter>
    </ClCompile>
    <ClCompile Include="src\Core\GameObjects\Monster.cpp">
      <Filter>Source Files\Core\Game Objects</Filter>
    </ClCompile>
    <ClCompile Include="src\Core\GameObjects\NPC.cpp">
      <Filter>Source Files\Core\Game Objects</Filter>
    </ClCompile>
    <ClCompile Include="src\Core\GameObjects\Pet.cpp">
      <Filter>Source Files\Core\Game Objects</Filter>
    </ClCompile>
    <ClCompile Include="src\Core\GameObjects\Player.cpp">
      <Filter>Source Files\Core\Game Objects</Filter>
    </ClCompile>
    <ClCompile Include="src\Core\GameObjects\User.cpp">
      <Filter>Source Files\Core\Game Objects</Filter>
    </ClCompile>
    <ClCompile Include="src\Core\GameObjects\Entity.cpp">
      <Filter>Source Files\Core\Game Objects</Filter>
    </ClCompile>
    <ClCompile Include="src\Core\AssetManager.cpp">
      <Filter>Source Files\Core</Filter>
    </ClCompile>
    <ClCompile Include="src\Core\Chat.cpp">
      <Filter>Source Files\Core</Filter>
    </ClCompile>
    <ClCompile Include="src\Core\Cipher.cpp">
      <Filter>Source Files\Core</Filter>
    </ClCompile>
    <ClCompile Include="src\Core\Client.cpp">
      <Filter>Source Files\Core</Filter>
    </ClCompile>
    <ClCompile Include="src\Core\Colosseum.cpp">
      <Filter>Source Files\Core</Filter>
    </ClCompile>
    <ClCompile Include="src\Core\Dialogue.cpp">
      <Filter>Source Files\Core</Filter>
    </ClCompile>
    <ClCompile Include="src\Core\GameLibrary.cpp">
      <Filter>Source Files\Core</Filter>
    </ClCompile>
    <ClCompile Include="src\Core\GameMap.cpp">
      <Filter>Source Files\Core</Filter>
    </ClCompile>
    <ClCompile Include="src\Core\GUI.cpp">
      <Filter>Source Files\Core</Filter>
    </ClCompile>
    <ClCompile Include="src\Core\Inventory.cpp">
      <Filter>Source Files\Core</Filter>
    </ClCompile>
    <ClCompile Include="src\Core\Item.cpp">
      <Filter>Source Files\Core</Filter>
    </ClCompile>
    <ClCompile Include="src\Core\MessageManager.cpp">
      <Filter>Source Files\Core</Filter>
    </ClCompile>
    <ClCompile Include="src\Core\Options.cpp">
      <Filter>Source Files\Core</Filter>
    </ClCompile>
    <ClCompile Include="src\Core\PetMagic.cpp">
      <Filter>Source Files\Core</Filter>
    </ClCompile>
    <ClCompile Include="src\Core\RC5.cpp">
      <Filter>Source Files\Core</Filter>
    </ClCompile>
    <ClCompile Include="src\Core\Sprite.cpp">
      <Filter>Source Files\Core</Filter>
    </ClCompile>
    <ClCompile Include="src\Core\Team.cpp">
      <Filter>Source Files\Core</Filter>
    </ClCompile>
    <ClCompile Include="src\Core\Text.cpp">
      <Filter>Source Files\Core</Filter>
    </ClCompile>
    <ClCompile Include="src\Core\Texture.cpp">
      <Filter>Source Files\Core</Filter>
    </ClCompile>
    <ClCompile Include="src\Core\UserManager.cpp">
      <Filter>Source Files\Core</Filter>
    </ClCompile>
    <ClCompile Include="src\Packet\pAiNpcInfo.cpp">
      <Filter>Source Files\Packet\NPC</Filter>
    </ClCompile>
    <ClCompile Include="src\Core\GameObjects\Fighter.cpp">
      <Filter>Source Files\Core\Game Objects</Filter>
    </ClCompile>
  </ItemGroup>
  <ItemGroup>
    <ClInclude Include="src\stdafx.h">
      <Filter>Header Files</Filter>
    </ClInclude>
    <ClInclude Include="src\CustomEvents.h">
      <Filter>Header Files</Filter>
    </ClInclude>
    <ClInclude Include="src\Define.h">
      <Filter>Header Files</Filter>
    </ClInclude>
    <ClInclude Include="src\Global.h">
      <Filter>Header Files</Filter>
    </ClInclude>
    <ClInclude Include="src\resource.h">
      <Filter>Header Files</Filter>
    </ClInclude>
    <ClInclude Include="src\Widgets\Dropdown.h">
      <Filter>Header Files\Widgets</Filter>
    </ClInclude>
    <ClInclude Include="src\Widgets\Field.h">
      <Filter>Header Files\Widgets</Filter>
    </ClInclude>
    <ClInclude Include="src\Widgets\Gauge.h">
      <Filter>Header Files\Widgets</Filter>
    </ClInclude>
    <ClInclude Include="src\Widgets\ImageBox.h">
      <Filter>Header Files\Widgets</Filter>
    </ClInclude>
    <ClInclude Include="src\Widgets\Label.h">
      <Filter>Header Files\Widgets</Filter>
    </ClInclude>
    <ClInclude Include="src\Widgets\ListBox.h">
      <Filter>Header Files\Widgets</Filter>
    </ClInclude>
    <ClInclude Include="src\Widgets\MainUI.h">
      <Filter>Header Files\Widgets</Filter>
    </ClInclude>
    <ClInclude Include="src\Widgets\PlayerInfoFrame.h">
      <Filter>Header Files\Widgets</Filter>
    </ClInclude>
    <ClInclude Include="src\Widgets\TabControl.h">
      <Filter>Header Files\Widgets</Filter>
    </ClInclude>
    <ClInclude Include="src\Widgets\VideoFrame.h">
      <Filter>Header Files\Widgets</Filter>
    </ClInclude>
    <ClInclude Include="src\Widgets\Widget.h">
      <Filter>Header Files\Widgets</Filter>
    </ClInclude>
    <ClInclude Include="src\Widgets\Button.h">
      <Filter>Header Files\Widgets</Filter>
    </ClInclude>
    <ClInclude Include="src\Widgets\CheckBox.h">
      <Filter>Header Files\Widgets</Filter>
    </ClInclude>
    <ClInclude Include="src\Widgets\Panel.h">
      <Filter>Header Files\Widgets</Filter>
    </ClInclude>
    <ClInclude Include="src\Packet\AllPacket.h">
      <Filter>Header Files\Packet</Filter>
    </ClInclude>
    <ClInclude Include="src\Packet\Packet.h">
      <Filter>Header Files\Packet</Filter>
    </ClInclude>
    <ClInclude Include="src\Packet\pColor.h">
      <Filter>Header Files\Packet</Filter>
    </ClInclude>
    <ClInclude Include="src\Packet\pColosseum.h">
      <Filter>Header Files\Packet</Filter>
    </ClInclude>
    <ClInclude Include="src\Packet\pFriend.h">
      <Filter>Header Files\Packet</Filter>
    </ClInclude>
    <ClInclude Include="src\Packet\pItem.h">
      <Filter>Header Files\Packet</Filter>
    </ClInclude>
    <ClInclude Include="src\Packet\pItemAction.h">
      <Filter>Header Files\Packet</Filter>
    </ClInclude>
    <ClInclude Include="src\Packet\pMapInfo.h">
      <Filter>Header Files\Packet</Filter>
    </ClInclude>
    <ClInclude Include="src\Packet\pMessage.h">
      <Filter>Header Files\Packet</Filter>
    </ClInclude>
    <ClInclude Include="src\Packet\pRename.h">
      <Filter>Header Files\Packet</Filter>
    </ClInclude>
    <ClInclude Include="src\Packet\pTeam.h">
      <Filter>Header Files\Packet</Filter>
    </ClInclude>
    <ClInclude Include="src\Packet\pTeamMember.h">
      <Filter>Header Files\Packet</Filter>
    </ClInclude>
    <ClInclude Include="src\Packet\pTick.h">
      <Filter>Header Files\Packet</Filter>
    </ClInclude>
    <ClInclude Include="src\Packet\pWuxing.h">
      <Filter>Header Files\Packet</Filter>
    </ClInclude>
    <ClInclude Include="src\Packet\pBattleState.h">
      <Filter>Header Files\Packet\Battle</Filter>
    </ClInclude>
    <ClInclude Include="src\Packet\pBattleAction.h">
      <Filter>Header Files\Packet\Battle</Filter>
    </ClInclude>
    <ClInclude Include="src\Packet\pBattleResult.h">
      <Filter>Header Files\Packet\Battle</Filter>
    </ClInclude>
    <ClInclude Include="src\Packet\pBattleRound.h">
      <Filter>Header Files\Packet\Battle</Filter>
    </ClInclude>
    <ClInclude Include="src\Packet\pNormalAct.h">
      <Filter>Header Files\Packet\Battle</Filter>
    </ClInclude>
    <ClInclude Include="src\Packet\pItemAct.h">
      <Filter>Header Files\Packet\Battle</Filter>
    </ClInclude>
    <ClInclude Include="src\Packet\pEnemyInfo.h">
      <Filter>Header Files\Packet\Battle</Filter>
    </ClInclude>
    <ClInclude Include="src\Packet\pFighterInfo.h">
      <Filter>Header Files\Packet\Battle</Filter>
    </ClInclude>
    <ClInclude Include="src\Packet\pGSConnect.h">
      <Filter>Header Files\Packet\Login</Filter>
    </ClInclude>
    <ClInclude Include="src\Packet\pRole.h">
      <Filter>Header Files\Packet\Login</Filter>
    </ClInclude>
    <ClInclude Include="src\Packet\pLoginResponse.h">
      <Filter>Header Files\Packet\Login</Filter>
    </ClInclude>
    <ClInclude Include="src\Packet\pLoginRequest.h">
      <Filter>Header Files\Packet\Login</Filter>
    </ClInclude>
    <ClInclude Include="src\Packet\pNpcInfo.h">
      <Filter>Header Files\Packet\NPC</Filter>
    </ClInclude>
    <ClInclude Include="src\Packet\pNpc.h">
      <Filter>Header Files\Packet\NPC</Filter>
    </ClInclude>
    <ClInclude Include="src\Packet\pNpcAction.h">
      <Filter>Header Files\Packet\NPC</Filter>
    </ClInclude>
    <ClInclude Include="src\Packet\pNpcDialogue.h">
      <Filter>Header Files\Packet\NPC</Filter>
    </ClInclude>
    <ClInclude Include="src\Packet\pPetShop.h">
      <Filter>Header Files\Packet\Pet</Filter>
    </ClInclude>
    <ClInclude Include="src\Packet\pPetAction.h">
      <Filter>Header Files\Packet\Pet</Filter>
    </ClInclude>
    <ClInclude Include="src\Packet\pPetInfo.h">
      <Filter>Header Files\Packet\Pet</Filter>
    </ClInclude>
    <ClInclude Include="src\Packet\pPetLevelUp.h">
      <Filter>Header Files\Packet\Pet</Filter>
    </ClInclude>
    <ClInclude Include="src\Packet\pPetMagic.h">
      <Filter>Header Files\Packet\Pet</Filter>
    </ClInclude>
    <ClInclude Include="src\Packet\pAction.h">
      <Filter>Header Files\Packet\User</Filter>
    </ClInclude>
    <ClInclude Include="src\Packet\pDirection.h">
      <Filter>Header Files\Packet\User</Filter>
    </ClInclude>
    <ClInclude Include="src\Packet\pEmotion.h">
      <Filter>Header Files\Packet\User</Filter>
    </ClInclude>
    <ClInclude Include="src\Packet\pPlayerInfo.h">
      <Filter>Header Files\Packet\User</Filter>
    </ClInclude>
    <ClInclude Include="src\Packet\pUserInfo.h">
      <Filter>Header Files\Packet\User</Filter>
    </ClInclude>
    <ClInclude Include="src\Packet\pUserAttribute.h">
      <Filter>Header Files\Packet\User</Filter>
    </ClInclude>
    <ClInclude Include="src\Packet\pUserLevelUp.h">
      <Filter>Header Files\Packet\User</Filter>
    </ClInclude>
    <ClInclude Include="src\Packet\pUserPoint.h">
      <Filter>Header Files\Packet\User</Filter>
    </ClInclude>
    <ClInclude Include="src\Packet\pWalk.h">
      <Filter>Header Files\Packet\User</Filter>
    </ClInclude>
    <ClInclude Include="src\Forms\CharacterForm.h">
      <Filter>Header Files\Forms</Filter>
    </ClInclude>
    <ClInclude Include="src\Forms\CharCreateForm.h">
      <Filter>Header Files\Forms</Filter>
    </ClInclude>
    <ClInclude Include="src\Forms\EvolveForm.h">
      <Filter>Header Files\Forms</Filter>
    </ClInclude>
    <ClInclude Include="src\Forms\InventoryForm.h">
      <Filter>Header Files\Forms</Filter>
    </ClInclude>
    <ClInclude Include="src\Forms\LoginForm.h">
      <Filter>Header Files\Forms</Filter>
    </ClInclude>
    <ClInclude Include="src\Forms\LogoutForm.h">
      <Filter>Header Files\Forms</Filter>
    </ClInclude>
    <ClInclude Include="src\Forms\MainWindow.h">
      <Filter>Header Files\Forms</Filter>
    </ClInclude>
    <ClInclude Include="src\Forms\MessageForm.h">
      <Filter>Header Files\Forms</Filter>
    </ClInclude>
    <ClInclude Include="src\Forms\PetComposeForm.h">
      <Filter>Header Files\Forms</Filter>
    </ClInclude>
    <ClInclude Include="src\Forms\PetEquipForm.h">
      <Filter>Header Files\Forms</Filter>
    </ClInclude>
    <ClInclude Include="src\Forms\PetListForm.h">
      <Filter>Header Files\Forms</Filter>
    </ClInclude>
    <ClInclude Include="src\Forms\PromptForm.h">
      <Filter>Header Files\Forms</Filter>
    </ClInclude>
    <ClInclude Include="src\Forms\RefineItemForm.h">
      <Filter>Header Files\Forms</Filter>
    </ClInclude>
    <ClInclude Include="src\Forms\ShopForm.h">
      <Filter>Header Files\Forms</Filter>
    </ClInclude>
    <ClInclude Include="src\Forms\TestForm.h">
      <Filter>Header Files\Forms</Filter>
    </ClInclude>
    <ClInclude Include="src\Forms\Window.h">
      <Filter>Header Files\Forms</Filter>
    </ClInclude>
    <ClInclude Include="src\Forms\WuxingForm.h">
      <Filter>Header Files\Forms</Filter>
    </ClInclude>
    <ClInclude Include="src\Forms\BattleConfigForm.h">
      <Filter>Header Files\Forms</Filter>
    </ClInclude>
    <ClInclude Include="src\Core\Battle\BattleAI.h">
      <Filter>Header Files\Core\Battle</Filter>
    </ClInclude>
    <ClInclude Include="src\Core\Battle\BattleArray.h">
      <Filter>Header Files\Core\Battle</Filter>
    </ClInclude>
    <ClInclude Include="src\Core\Battle\BattleResult.h">
      <Filter>Header Files\Core\Battle</Filter>
    </ClInclude>
    <ClInclude Include="src\Core\Battle\BattleScene.h">
      <Filter>Header Files\Core\Battle</Filter>
    </ClInclude>
    <ClInclude Include="src\Core\Battle\Battle.h">
      <Filter>Header Files\Core\Battle</Filter>
    </ClInclude>
    <ClInclude Include="src\Core\Battle\FloatingLabel.h">
      <Filter>Header Files\Core\Battle</Filter>
    </ClInclude>
    <ClInclude Include="src\Core\Files\INI.h">
      <Filter>Header Files\Core\Files</Filter>
    </ClInclude>
    <ClInclude Include="src\Core\Files\ItemDataFile.h">
      <Filter>Header Files\Core\Files</Filter>
    </ClInclude>
    <ClInclude Include="src\Core\Files\MapFile.h">
      <Filter>Header Files\Core\Files</Filter>
    </ClInclude>
    <ClInclude Include="src\Core\Files\RLE.h">
      <Filter>Header Files\Core\Files</Filter>
    </ClInclude>
    <ClInclude Include="src\Core\Files\ShopDataFile.h">
      <Filter>Header Files\Core\Files</Filter>
    </ClInclude>
    <ClInclude Include="src\Core\Files\TGA.h">
      <Filter>Header Files\Core\Files</Filter>
    </ClInclude>
    <ClInclude Include="src\Core\Files\WDF.h">
      <Filter>Header Files\Core\Files</Filter>
    </ClInclude>
    <ClInclude Include="src\Core\GameObjects\Monster.h">
      <Filter>Header Files\Core\Game Objects</Filter>
    </ClInclude>
    <ClInclude Include="src\Core\GameObjects\NPC.h">
      <Filter>Header Files\Core\Game Objects</Filter>
    </ClInclude>
    <ClInclude Include="src\Core\GameObjects\Pet.h">
      <Filter>Header Files\Core\Game Objects</Filter>
    </ClInclude>
    <ClInclude Include="src\Core\GameObjects\Player.h">
      <Filter>Header Files\Core\Game Objects</Filter>
    </ClInclude>
    <ClInclude Include="src\Core\GameObjects\User.h">
      <Filter>Header Files\Core\Game Objects</Filter>
    </ClInclude>
    <ClInclude Include="src\Core\GameObjects\Entity.h">
      <Filter>Header Files\Core\Game Objects</Filter>
    </ClInclude>
    <ClInclude Include="src\Core\GameObjects\GameObj.h">
      <Filter>Header Files\Core\Game Objects</Filter>
    </ClInclude>
    <ClInclude Include="src\Core\AssetManager.h">
      <Filter>Header Files\Core</Filter>
    </ClInclude>
    <ClInclude Include="src\Core\Chat.h">
      <Filter>Header Files\Core</Filter>
    </ClInclude>
    <ClInclude Include="src\Core\Cipher.h">
      <Filter>Header Files\Core</Filter>
    </ClInclude>
    <ClInclude Include="src\Core\Client.h">
      <Filter>Header Files\Core</Filter>
    </ClInclude>
    <ClInclude Include="src\Core\Colosseum.h">
      <Filter>Header Files\Core</Filter>
    </ClInclude>
    <ClInclude Include="src\Core\Dialogue.h">
      <Filter>Header Files\Core</Filter>
    </ClInclude>
    <ClInclude Include="src\Core\GameLibrary.h">
      <Filter>Header Files\Core</Filter>
    </ClInclude>
    <ClInclude Include="src\Core\GameMap.h">
      <Filter>Header Files\Core</Filter>
    </ClInclude>
    <ClInclude Include="src\Core\GUI.h">
      <Filter>Header Files\Core</Filter>
    </ClInclude>
    <ClInclude Include="src\Core\Inventory.h">
      <Filter>Header Files\Core</Filter>
    </ClInclude>
    <ClInclude Include="src\Core\Item.h">
      <Filter>Header Files\Core</Filter>
    </ClInclude>
    <ClInclude Include="src\Core\MessageManager.h">
      <Filter>Header Files\Core</Filter>
    </ClInclude>
    <ClInclude Include="src\Core\Options.h">
      <Filter>Header Files\Core</Filter>
    </ClInclude>
    <ClInclude Include="src\Core\PetMagic.h">
      <Filter>Header Files\Core</Filter>
    </ClInclude>
    <ClInclude Include="src\Core\RC5.h">
      <Filter>Header Files\Core</Filter>
    </ClInclude>
    <ClInclude Include="src\Core\Sprite.h">
      <Filter>Header Files\Core</Filter>
    </ClInclude>
    <ClInclude Include="src\Core\Team.h">
      <Filter>Header Files\Core</Filter>
    </ClInclude>
    <ClInclude Include="src\Core\Text.h">
      <Filter>Header Files\Core</Filter>
    </ClInclude>
    <ClInclude Include="src\Core\Texture.h">
      <Filter>Header Files\Core</Filter>
    </ClInclude>
    <ClInclude Include="src\Core\UserManager.h">
      <Filter>Header Files\Core</Filter>
    </ClInclude>
    <ClInclude Include="src\Packet\pAiNpcInfo.h">
      <Filter>Header Files\Packet\NPC</Filter>
    </ClInclude>
    <ClInclude Include="Fighter.h">
      <Filter>Header Files\Core\Game Objects</Filter>
    </ClInclude>
    <ClInclude Include="src\Core\GameObjects\Fighter.h">
      <Filter>Header Files\Core\Game Objects</Filter>
    </ClInclude>
  </ItemGroup>
  <ItemGroup>
    <ResourceCompile Include="MAMClient.rc" />
  </ItemGroup>
  <ItemGroup>
    <Image Include="res\Icon.ico" />
  </ItemGroup>
  <ItemGroup>
    <Text Include="Notes.txt">
      <Filter>Notes</Filter>
    </Text>
  </ItemGroup>
  <ItemGroup>
    <None Include="JSON\LoginForm.JSON">
      <Filter>JSON</Filter>
    </None>
  </ItemGroup>
</Project>